PODS:
  - Alamofire (4.7.1)
  - AlamofireImage (3.3.1):
    - Alamofire (~> 4.5)
  - OAuthSwift (1.2.0)
  - OAuthSwiftAlamofire (0.1.0):
    - Alamofire
    - OAuthSwift

DEPENDENCIES:
  - Alamofire (~> 4.7)
  - AlamofireImage (~> 3.3)
  - OAuthSwift (~> 1.2.0)
  - OAuthSwiftAlamofire

SPEC REPOS:
  https://github.com/CocoaPods/Specs.git:
    - Alamofire
    - AlamofireImage
    - OAuthSwift
    - OAuthSwiftAlamofire

SPEC CHECKSUMS:
  Alamofire: 68d7d521118d49c615a8d2214d87cdf525599d30
  AlamofireImage: 3b35b586853abaf94ca1250f4e94cff3c21a4c0d
  OAuthSwift: 7fd6855b8e4d58eb5a30d156ea9bed7a8aecd1ca
  OAuthSwiftAlamofire: 20bb998ac506f82c3bab0625fbc98a9c6fca783f

PODFILE CHECKSUM: 26a36ceb4006f21b32309d4bd8a01631dfa50189

COCOAPODS: 1.5.0
